
Microsoft Visual Studio Solution File, Format Version 12.00
# Visual Studio 15
VisualStudioVersion = 15.0.28010.2050
MinimumVisualStudioVersion = 10.0.40219.1
Project("{FAE04EC0-301F-11D3-BF4B-00C04F79EFBC}") = "Ex28 CSharp med database", "Ex28 CSharp med database\Ex28 CSharp med database.csproj", "{C04DB382-286C-48D8-80E6-A3D43E638862}"
EndProject
Global
	GlobalSection(SolutionConfigurationPlatforms) = preSolution
		Debug|Any CPU = Debug|Any CPU
		Release|Any CPU = Release|Any CPU
	EndGlobalSection
	GlobalSection(ProjectConfigurationPlatforms) = postSolution
		{C04DB382-286C-48D8-80E6-A3D43E638862}.Debug|Any CPU.ActiveCfg = Debug|Any CPU
		{C04DB382-286C-48D8-80E6-A3D43E638862}.Debug|Any CPU.Build.0 = Debug|Any CPU
		{C04DB382-286C-48D8-80E6-A3D43E638862}.Release|Any CPU.ActiveCfg = Release|Any CPU
		{C04DB382-286C-48D8-80E6-A3D43E638862}.Release|Any CPU.Build.0 = Release|Any CPU
	EndGlobalSection
	GlobalSection(SolutionProperties) = preSolution
		HideSolutionNode = FALSE
	EndGlobalSection
	GlobalSection(ExtensibilityGlobals) = postSolution
		SolutionGuid = {527EFCFF-CB6F-4505-90A4-A25D8B5C4060}
	EndGlobalSection
EndGlobal
